{
  "requires": true,
  "lockfileVersion": 1,
  "dependencies": {
    "cardinal-spline": {
      "version": "0.0.1",
      "resolved": "https://registry.npmjs.org/cardinal-spline/-/cardinal-spline-0.0.1.tgz",
      "integrity": "sha1-VQZvIk1eRBv3m1pIS/ZXOUHxQd4="
    },
    "simplify-js": {
      "version": "1.2.3",
      "resolved": "https://registry.npmjs.org/simplify-js/-/simplify-js-1.2.3.tgz",
      "integrity": "sha512-0IkEqs+5c5vROkHaifGfbqHf5tYDcsTBy6oJPRbFCSwp2uzEr+PpH3dNP7wD8O3d7zdUCjLVq1/xHkwA/JjlFA=="
    }
  }
}
