{
  "requires": true,
  "lockfileVersion": 1,
  "dependencies": {
    "bezier-js": {
      "version": "2.3.1",
      "resolved": "https://registry.npmjs.org/bezier-js/-/bezier-js-2.3.1.tgz",
      "integrity": "sha512-nFpFL9tuayvlHfWh6xM7OHeTZvwr74+6KnzO3eNZMt0BC0cqb9lCTc9C8OVzrHBvbrNwriTw7XaF2SBsWQJLZA=="
    },
    "simplify-js": {
      "version": "1.2.3",
      "resolved": "https://registry.npmjs.org/simplify-js/-/simplify-js-1.2.3.tgz",
      "integrity": "sha512-0IkEqs+5c5vROkHaifGfbqHf5tYDcsTBy6oJPRbFCSwp2uzEr+PpH3dNP7wD8O3d7zdUCjLVq1/xHkwA/JjlFA=="
    }
  }
}
