{
  "requires": true,
  "lockfileVersion": 1,
  "dependencies": {
    "bezier-js": {
      "version": "2.3.1",
      "resolved": "https://registry.npmjs.org/bezier-js/-/bezier-js-2.3.1.tgz",
      "integrity": "sha512-nFpFL9tuayvlHfWh6xM7OHeTZvwr74+6KnzO3eNZMt0BC0cqb9lCTc9C8OVzrHBvbrNwriTw7XaF2SBsWQJLZA=="
    }
  }
}
